<?xml version="1.0" encoding="utf-8"?>
<Project ToolsVersion="4.0" xmlns="http://schemas.microsoft.com/developer/msbuild/2003">
  <ItemGroup>
    <Filter Include="Source Files">
      <UniqueIdentifier>{4FC737F1-C7A5-4376-A066-2A32D752A2FF}</UniqueIdentifier>
      <Extensions>cpp;c;cc;cxx;def;odl;idl;hpj;bat;asm;asmx</Extensions>
    </Filter>
    <Filter Include="Header Files">
      <UniqueIdentifier>{93995380-89BD-4b04-88EB-625FBE52EBFB}</UniqueIdentifier>
      <Extensions>h;hh;hpp;hxx;hm;inl;inc;ipp;xsd</Extensions>
    </Filter>
    <Filter Include="Resource Files">
      <UniqueIdentifier>{67DA6AB6-F800-4c08-8B7A-83BB121AAD01}</UniqueIdentifier>
      <Extensions>rc;ico;cur;bmp;dlg;rc2;rct;bin;rgs;gif;jpg;jpeg;jpe;resx;tiff;tif;png;wav;mfcribbon-ms</Extensions>
    </Filter>
  </ItemGroup>
  <ItemGroup>
    <ClInclude Include="Partie.h">
      <Filter>Header Files</Filter>
    </ClInclude>
    <ClInclude Include="..\..\..\..\Desktop\420-D03-SU - Introduction à la programmation orientée objet - H19\TP-SpaceInvader2 (1)\Coord.h">
      <Filter>Header Files</Filter>
    </ClInclude>
    <ClInclude Include="..\..\..\..\Desktop\420-D03-SU - Introduction à la programmation orientée objet - H19\TP-SpaceInvader2 (1)\ExtraTerrestre.h">
      <Filter>Header Files</Filter>
    </ClInclude>
    <ClInclude Include="..\..\..\..\Desktop\420-D03-SU - Introduction à la programmation orientée objet - H19\TP-SpaceInvader2 (1)\Laser.h">
      <Filter>Header Files</Filter>
    </ClInclude>
    <ClInclude Include="..\..\..\..\Desktop\420-D03-SU - Introduction à la programmation orientée objet - H19\TP-SpaceInvader2 (1)\Martien.h">
      <Filter>Header Files</Filter>
    </ClInclude>
    <ClInclude Include="..\..\..\..\Desktop\420-D03-SU - Introduction à la programmation orientée objet - H19\TP-SpaceInvader2 (1)\UIKit.h">
      <Filter>Header Files</Filter>
    </ClInclude>
    <ClInclude Include="..\..\..\..\Desktop\420-D03-SU - Introduction à la programmation orientée objet - H19\TP-SpaceInvader2 (1)\Vaisseau.h">
      <Filter>Header Files</Filter>
    </ClInclude>
  </ItemGroup>
  <ItemGroup>
    <ClCompile Include="Partie.cpp">
      <Filter>Source Files</Filter>
    </ClCompile>
    <ClCompile Include="..\..\..\..\Desktop\420-D03-SU - Introduction à la programmation orientée objet - H19\TP-SpaceInvader2 (1)\Coord.cpp">
      <Filter>Source Files</Filter>
    </ClCompile>
    <ClCompile Include="..\..\..\..\Desktop\420-D03-SU - Introduction à la programmation orientée objet - H19\TP-SpaceInvader2 (1)\ExtraTerrestre.cpp">
      <Filter>Source Files</Filter>
    </ClCompile>
    <ClCompile Include="..\..\..\..\Desktop\420-D03-SU - Introduction à la programmation orientée objet - H19\TP-SpaceInvader2 (1)\Laser.cpp">
      <Filter>Source Files</Filter>
    </ClCompile>
    <ClCompile Include="..\..\..\..\Desktop\420-D03-SU - Introduction à la programmation orientée objet - H19\TP-SpaceInvader2 (1)\Martien.cpp">
      <Filter>Source Files</Filter>
    </ClCompile>
    <ClCompile Include="..\..\..\..\Desktop\420-D03-SU - Introduction à la programmation orientée objet - H19\TP-SpaceInvader2 (1)\SpaceMain.cpp">
      <Filter>Source Files</Filter>
    </ClCompile>
    <ClCompile Include="..\..\..\..\Desktop\420-D03-SU - Introduction à la programmation orientée objet - H19\TP-SpaceInvader2 (1)\UIKit.cpp">
      <Filter>Source Files</Filter>
    </ClCompile>
    <ClCompile Include="..\..\..\..\Desktop\420-D03-SU - Introduction à la programmation orientée objet - H19\TP-SpaceInvader2 (1)\Vaisseau.cpp">
      <Filter>Source Files</Filter>
    </ClCompile>
  </ItemGroup>
</Project>